# This file is automatically @generated by Cargo.
# It is not intended for manual editing.
version = 3

[[package]]
name = "bbbul"
version = "0.1.0"
dependencies = [
 "bitpacking",
 "bumpalo",
]

[[package]]
name = "bitpacking"
version = "0.9.2"
source = "registry+https://github.com/rust-lang/crates.io-index"
checksum = "4c1d3e2bfd8d06048a179f7b17afc3188effa10385e7b00dc65af6aae732ea92"
dependencies = [
 "crunchy",
]

[[package]]
name = "bumpalo"
version = "3.16.0"
source = "registry+https://github.com/rust-lang/crates.io-index"
checksum = "79296716171880943b8470b5f8d03aa55eb2e645a4874bdbb28adb49162e012c"

[[package]]
name = "crunchy"
version = "0.2.2"
source = "registry+https://github.com/rust-lang/crates.io-index"
checksum = "7a81dae078cea95a014a339291cec439d2f232ebe854a9d672b796c6afafa9b7"
